
Microsoft Visual Studio Solution File, Format Version 12.00
# Visual Studio Version 17
VisualStudioVersion = 17.5.002.0
MinimumVisualStudioVersion = 10.0.40219.1
Project("{9A19103F-16F7-4668-BE54-9A1E7A4F7556}") = "dof2dmd", "dof2dmd.csproj", "{274859D3-CDE7-4410-9DA6-07A3ED47E969}"
EndProject
Global
	GlobalSection(SolutionConfigurationPlatforms) = preSolution
		Debug|Any CPU = Debug|Any CPU
		Release|Any CPU = Release|Any CPU
	EndGlobalSection
	GlobalSection(ProjectConfigurationPlatforms) = postSolution
		{274859D3-CDE7-4410-9DA6-07A3ED47E969}.Debug|Any CPU.ActiveCfg = Debug|Any CPU
		{274859D3-CDE7-4410-9DA6-07A3ED47E969}.Debug|Any CPU.Build.0 = Debug|Any CPU
		{274859D3-CDE7-4410-9DA6-07A3ED47E969}.Release|Any CPU.ActiveCfg = Release|Any CPU
		{274859D3-CDE7-4410-9DA6-07A3ED47E969}.Release|Any CPU.Build.0 = Release|Any CPU
	EndGlobalSection
	GlobalSection(SolutionProperties) = preSolution
		HideSolutionNode = FALSE
	EndGlobalSection
	GlobalSection(ExtensibilityGlobals) = postSolution
		SolutionGuid = {2C64A333-270B-4D61-BA57-3E36B8B61D5C}
	EndGlobalSection
EndGlobal
